
Microsoft Visual Studio Solution File, Format Version 12.00
# Visual Studio 15
VisualStudioVersion = 15.0.26730.16
MinimumVisualStudioVersion = 10.0.40219.1
Project("{9A19103F-16F7-4668-BE54-9A1E7A4F7556}") = "Multipolar", "src\Multipolar\Multipolar.csproj", "{733DF8B4-BB1E-4FEC-98B8-E0B763D96A92}"
EndProject
Project("{9A19103F-16F7-4668-BE54-9A1E7A4F7556}") = "Multipolar.Tests", "test\Multipolar.Tests\Multipolar.Tests.csproj", "{58AEC124-5CA6-4221-9F58-8839CFDCCCDF}"
EndProject
Project("{2150E333-8FDC-42A3-9474-1A3956D46DE8}") = "src", "src", "{16EC1556-0242-433A-B588-0F08459130E6}"
EndProject
Project("{2150E333-8FDC-42A3-9474-1A3956D46DE8}") = "test", "test", "{DBDD3568-AD19-4058-880A-564A7B55490E}"
EndProject
Global
	GlobalSection(SolutionConfigurationPlatforms) = preSolution
		Debug|Any CPU = Debug|Any CPU
		Release|Any CPU = Release|Any CPU
	EndGlobalSection
	GlobalSection(ProjectConfigurationPlatforms) = postSolution
		{733DF8B4-BB1E-4FEC-98B8-E0B763D96A92}.Debug|Any CPU.ActiveCfg = Debug|Any CPU
		{733DF8B4-BB1E-4FEC-98B8-E0B763D96A92}.Debug|Any CPU.Build.0 = Debug|Any CPU
		{733DF8B4-BB1E-4FEC-98B8-E0B763D96A92}.Release|Any CPU.ActiveCfg = Release|Any CPU
		{733DF8B4-BB1E-4FEC-98B8-E0B763D96A92}.Release|Any CPU.Build.0 = Release|Any CPU
		{58AEC124-5CA6-4221-9F58-8839CFDCCCDF}.Debug|Any CPU.ActiveCfg = Debug|Any CPU
		{58AEC124-5CA6-4221-9F58-8839CFDCCCDF}.Debug|Any CPU.Build.0 = Debug|Any CPU
		{58AEC124-5CA6-4221-9F58-8839CFDCCCDF}.Release|Any CPU.ActiveCfg = Release|Any CPU
		{58AEC124-5CA6-4221-9F58-8839CFDCCCDF}.Release|Any CPU.Build.0 = Release|Any CPU
	EndGlobalSection
	GlobalSection(SolutionProperties) = preSolution
		HideSolutionNode = FALSE
	EndGlobalSection
	GlobalSection(NestedProjects) = preSolution
		{733DF8B4-BB1E-4FEC-98B8-E0B763D96A92} = {16EC1556-0242-433A-B588-0F08459130E6}
		{58AEC124-5CA6-4221-9F58-8839CFDCCCDF} = {DBDD3568-AD19-4058-880A-564A7B55490E}
	EndGlobalSection
	GlobalSection(ExtensibilityGlobals) = postSolution
		SolutionGuid = {A6AFBCA7-7628-4658-9C5C-A47D407920CF}
	EndGlobalSection
	GlobalSection(Performance) = preSolution
		HasPerformanceSessions = true
	EndGlobalSection
EndGlobal
